PODS:
  - Capacitor (7.4.0):
    - CapacitorCordova
  - CapacitorCordova (7.4.0)
  - CapacitorLocalNotifications (7.0.1):
    - Capacitor

DEPENDENCIES:
  - "Capacitor (from `../../node_modules/@capacitor/ios`)"
  - "CapacitorCordova (from `../../node_modules/@capacitor/ios`)"
  - "CapacitorLocalNotifications (from `../../node_modules/@capacitor/local-notifications`)"

EXTERNAL SOURCES:
  Capacitor:
    :path: "../../node_modules/@capacitor/ios"
  CapacitorCordova:
    :path: "../../node_modules/@capacitor/ios"
  CapacitorLocalNotifications:
    :path: "../../node_modules/@capacitor/local-notifications"

SPEC CHECKSUMS:
  Capacitor: a162db7c9c90f383740a78e8935dff4958158b6b
  CapacitorCordova: 723e017d8a80ab2ede9959fbe37556c35ac860d5
  CapacitorLocalNotifications: 4ea60b9347eac60b37cb4daaf62d12060bb00972

PODFILE CHECKSUM: 75305f79143d11655efae49cc27241e7f96f4e76

COCOAPODS: 1.16.2
